
Microsoft Visual Studio Solution File, Format Version 12.00
# Visual Studio 15
VisualStudioVersion = 15.0.28307.106
MinimumVisualStudioVersion = 10.0.40219.1
Project("{FAE04EC0-301F-11D3-BF4B-00C04F79EFBC}") = "GemsCraft", "fCraft\GemsCraft.csproj", "{7FBE7809-6F77-415C-ABEB-A3F627E817B0}"
EndProject
Project("{FAE04EC0-301F-11D3-BF4B-00C04F79EFBC}") = "ServerCLI", "ServerCLI\ServerCLI.csproj", "{315FB33C-6C57-4A89-ABFB-C083F2015880}"
EndProject
Project("{F184B08F-C81C-45F6-A57F-5ABD9991F28F}") = "Updater", "Updater\Updater.vbproj", "{AADB978D-C022-44A4-91F5-4886CD377583}"
EndProject
Project("{FAE04EC0-301F-11D3-BF4B-00C04F79EFBC}") = "RemoteTest", "RemoteTest\RemoteTest.csproj", "{4F5DDD0B-A29B-46A1-9F36-A00A21BEBD44}"
EndProject
Project("{FAE04EC0-301F-11D3-BF4B-00C04F79EFBC}") = "Launcher", "Launcher\Launcher.csproj", "{8926AD2D-FFE3-4846-A01F-88472CA074A1}"
EndProject
Global
	GlobalSection(SolutionConfigurationPlatforms) = preSolution
		Debug_Events|Any CPU = Debug_Events|Any CPU
		Debug_IRC|Any CPU = Debug_IRC|Any CPU
		Debug_Scheduler|Any CPU = Debug_Scheduler|Any CPU
		Debug|Any CPU = Debug|Any CPU
		Release|Any CPU = Release|Any CPU
	EndGlobalSection
	GlobalSection(ProjectConfigurationPlatforms) = postSolution
		{7FBE7809-6F77-415C-ABEB-A3F627E817B0}.Debug_Events|Any CPU.ActiveCfg = Debug_Events|Any CPU
		{7FBE7809-6F77-415C-ABEB-A3F627E817B0}.Debug_Events|Any CPU.Build.0 = Debug_Events|Any CPU
		{7FBE7809-6F77-415C-ABEB-A3F627E817B0}.Debug_IRC|Any CPU.ActiveCfg = Debug_IRC|Any CPU
		{7FBE7809-6F77-415C-ABEB-A3F627E817B0}.Debug_IRC|Any CPU.Build.0 = Debug_IRC|Any CPU
		{7FBE7809-6F77-415C-ABEB-A3F627E817B0}.Debug_Scheduler|Any CPU.ActiveCfg = Debug_Scheduler|Any CPU
		{7FBE7809-6F77-415C-ABEB-A3F627E817B0}.Debug_Scheduler|Any CPU.Build.0 = Debug_Scheduler|Any CPU
		{7FBE7809-6F77-415C-ABEB-A3F627E817B0}.Debug|Any CPU.ActiveCfg = Debug|Any CPU
		{7FBE7809-6F77-415C-ABEB-A3F627E817B0}.Debug|Any CPU.Build.0 = Debug|Any CPU
		{7FBE7809-6F77-415C-ABEB-A3F627E817B0}.Release|Any CPU.ActiveCfg = Release|Any CPU
		{7FBE7809-6F77-415C-ABEB-A3F627E817B0}.Release|Any CPU.Build.0 = Release|Any CPU
		{315FB33C-6C57-4A89-ABFB-C083F2015880}.Debug_Events|Any CPU.ActiveCfg = Debug|Any CPU
		{315FB33C-6C57-4A89-ABFB-C083F2015880}.Debug_Events|Any CPU.Build.0 = Debug|Any CPU
		{315FB33C-6C57-4A89-ABFB-C083F2015880}.Debug_IRC|Any CPU.ActiveCfg = Debug|Any CPU
		{315FB33C-6C57-4A89-ABFB-C083F2015880}.Debug_IRC|Any CPU.Build.0 = Debug|Any CPU
		{315FB33C-6C57-4A89-ABFB-C083F2015880}.Debug_Scheduler|Any CPU.ActiveCfg = Debug|Any CPU
		{315FB33C-6C57-4A89-ABFB-C083F2015880}.Debug_Scheduler|Any CPU.Build.0 = Debug|Any CPU
		{315FB33C-6C57-4A89-ABFB-C083F2015880}.Debug|Any CPU.ActiveCfg = Debug|Any CPU
		{315FB33C-6C57-4A89-ABFB-C083F2015880}.Debug|Any CPU.Build.0 = Debug|Any CPU
		{315FB33C-6C57-4A89-ABFB-C083F2015880}.Release|Any CPU.ActiveCfg = Release|Any CPU
		{315FB33C-6C57-4A89-ABFB-C083F2015880}.Release|Any CPU.Build.0 = Release|Any CPU
		{AADB978D-C022-44A4-91F5-4886CD377583}.Debug_Events|Any CPU.ActiveCfg = Debug|Any CPU
		{AADB978D-C022-44A4-91F5-4886CD377583}.Debug_Events|Any CPU.Build.0 = Debug|Any CPU
		{AADB978D-C022-44A4-91F5-4886CD377583}.Debug_IRC|Any CPU.ActiveCfg = Debug|Any CPU
		{AADB978D-C022-44A4-91F5-4886CD377583}.Debug_IRC|Any CPU.Build.0 = Debug|Any CPU
		{AADB978D-C022-44A4-91F5-4886CD377583}.Debug_Scheduler|Any CPU.ActiveCfg = Debug|Any CPU
		{AADB978D-C022-44A4-91F5-4886CD377583}.Debug_Scheduler|Any CPU.Build.0 = Debug|Any CPU
		{AADB978D-C022-44A4-91F5-4886CD377583}.Debug|Any CPU.ActiveCfg = Debug|Any CPU
		{AADB978D-C022-44A4-91F5-4886CD377583}.Debug|Any CPU.Build.0 = Debug|Any CPU
		{AADB978D-C022-44A4-91F5-4886CD377583}.Release|Any CPU.ActiveCfg = Release|Any CPU
		{AADB978D-C022-44A4-91F5-4886CD377583}.Release|Any CPU.Build.0 = Release|Any CPU
		{4F5DDD0B-A29B-46A1-9F36-A00A21BEBD44}.Debug_Events|Any CPU.ActiveCfg = Debug|Any CPU
		{4F5DDD0B-A29B-46A1-9F36-A00A21BEBD44}.Debug_Events|Any CPU.Build.0 = Debug|Any CPU
		{4F5DDD0B-A29B-46A1-9F36-A00A21BEBD44}.Debug_IRC|Any CPU.ActiveCfg = Debug|Any CPU
		{4F5DDD0B-A29B-46A1-9F36-A00A21BEBD44}.Debug_IRC|Any CPU.Build.0 = Debug|Any CPU
		{4F5DDD0B-A29B-46A1-9F36-A00A21BEBD44}.Debug_Scheduler|Any CPU.ActiveCfg = Debug|Any CPU
		{4F5DDD0B-A29B-46A1-9F36-A00A21BEBD44}.Debug_Scheduler|Any CPU.Build.0 = Debug|Any CPU
		{4F5DDD0B-A29B-46A1-9F36-A00A21BEBD44}.Debug|Any CPU.ActiveCfg = Debug|Any CPU
		{4F5DDD0B-A29B-46A1-9F36-A00A21BEBD44}.Debug|Any CPU.Build.0 = Debug|Any CPU
		{4F5DDD0B-A29B-46A1-9F36-A00A21BEBD44}.Release|Any CPU.ActiveCfg = Release|Any CPU
		{4F5DDD0B-A29B-46A1-9F36-A00A21BEBD44}.Release|Any CPU.Build.0 = Release|Any CPU
		{8926AD2D-FFE3-4846-A01F-88472CA074A1}.Debug_Events|Any CPU.ActiveCfg = Debug|Any CPU
		{8926AD2D-FFE3-4846-A01F-88472CA074A1}.Debug_Events|Any CPU.Build.0 = Debug|Any CPU
		{8926AD2D-FFE3-4846-A01F-88472CA074A1}.Debug_IRC|Any CPU.ActiveCfg = Debug|Any CPU
		{8926AD2D-FFE3-4846-A01F-88472CA074A1}.Debug_IRC|Any CPU.Build.0 = Debug|Any CPU
		{8926AD2D-FFE3-4846-A01F-88472CA074A1}.Debug_Scheduler|Any CPU.ActiveCfg = Debug|Any CPU
		{8926AD2D-FFE3-4846-A01F-88472CA074A1}.Debug_Scheduler|Any CPU.Build.0 = Debug|Any CPU
		{8926AD2D-FFE3-4846-A01F-88472CA074A1}.Debug|Any CPU.ActiveCfg = Debug|Any CPU
		{8926AD2D-FFE3-4846-A01F-88472CA074A1}.Debug|Any CPU.Build.0 = Debug|Any CPU
		{8926AD2D-FFE3-4846-A01F-88472CA074A1}.Release|Any CPU.ActiveCfg = Release|Any CPU
		{8926AD2D-FFE3-4846-A01F-88472CA074A1}.Release|Any CPU.Build.0 = Release|Any CPU
	EndGlobalSection
	GlobalSection(SolutionProperties) = preSolution
		HideSolutionNode = FALSE
	EndGlobalSection
	GlobalSection(ExtensibilityGlobals) = postSolution
		SolutionGuid = {40701CB6-EB04-43F6-B1C8-AB012813A510}
	EndGlobalSection
EndGlobal
